
Microsoft Visual Studio Solution File, Format Version 12.00
# Visual Studio 15
VisualStudioVersion = 15.0.27428.2002
MinimumVisualStudioVersion = 10.0.40219.1
Project("{8BC9CEB8-8B4A-11D0-8D11-00A0C91BC942}") = "ChatProject", "ChatProject\ChatProject.vcxproj", "{549A4DE1-57F0-48A8-BABE-AE74DB8CE560}"
EndProject
Global
	GlobalSection(SolutionConfigurationPlatforms) = preSolution
		Debug|ARM = Debug|ARM
		Debug|x64 = Debug|x64
		Debug|x86 = Debug|x86
		Release|ARM = Release|ARM
		Release|x64 = Release|x64
		Release|x86 = Release|x86
	EndGlobalSection
	GlobalSection(ProjectConfigurationPlatforms) = postSolution
		{549A4DE1-57F0-48A8-BABE-AE74DB8CE560}.Debug|ARM.ActiveCfg = Debug|ARM
		{549A4DE1-57F0-48A8-BABE-AE74DB8CE560}.Debug|ARM.Build.0 = Debug|ARM
		{549A4DE1-57F0-48A8-BABE-AE74DB8CE560}.Debug|x64.ActiveCfg = Debug|x64
		{549A4DE1-57F0-48A8-BABE-AE74DB8CE560}.Debug|x64.Build.0 = Debug|x64
		{549A4DE1-57F0-48A8-BABE-AE74DB8CE560}.Debug|x86.ActiveCfg = Debug|x86
		{549A4DE1-57F0-48A8-BABE-AE74DB8CE560}.Debug|x86.Build.0 = Debug|x86
		{549A4DE1-57F0-48A8-BABE-AE74DB8CE560}.Release|ARM.ActiveCfg = Release|ARM
		{549A4DE1-57F0-48A8-BABE-AE74DB8CE560}.Release|ARM.Build.0 = Release|ARM
		{549A4DE1-57F0-48A8-BABE-AE74DB8CE560}.Release|x64.ActiveCfg = Release|x64
		{549A4DE1-57F0-48A8-BABE-AE74DB8CE560}.Release|x64.Build.0 = Release|x64
		{549A4DE1-57F0-48A8-BABE-AE74DB8CE560}.Release|x86.ActiveCfg = Release|x86
		{549A4DE1-57F0-48A8-BABE-AE74DB8CE560}.Release|x86.Build.0 = Release|x86
	EndGlobalSection
	GlobalSection(SolutionProperties) = preSolution
		HideSolutionNode = FALSE
	EndGlobalSection
	GlobalSection(ExtensibilityGlobals) = postSolution
		SolutionGuid = {3E739F03-C6FB-41E0-AE5B-73A7C92D9CA5}
	EndGlobalSection
EndGlobal
